
Microsoft Visual Studio Solution File, Format Version 12.00
# Visual Studio Version 17
VisualStudioVersion = 17.4.33213.308
MinimumVisualStudioVersion = 10.0.40219.1
Project("{9A19103F-16F7-4668-BE54-9A1E7A4F7556}") = "BankingApp.Fundamentals.OOP", "BankingApp.Fundamentals.OOP\BankingApp.Fundamentals.OOP.csproj", "{A678ACEE-20BA-48AE-8F11-94972E67CAB0}"
EndProject
Global
	GlobalSection(SolutionConfigurationPlatforms) = preSolution
		Debug|Any CPU = Debug|Any CPU
		Release|Any CPU = Release|Any CPU
	EndGlobalSection
	GlobalSection(ProjectConfigurationPlatforms) = postSolution
		{A678ACEE-20BA-48AE-8F11-94972E67CAB0}.Debug|Any CPU.ActiveCfg = Debug|Any CPU
		{A678ACEE-20BA-48AE-8F11-94972E67CAB0}.Debug|Any CPU.Build.0 = Debug|Any CPU
		{A678ACEE-20BA-48AE-8F11-94972E67CAB0}.Release|Any CPU.ActiveCfg = Release|Any CPU
		{A678ACEE-20BA-48AE-8F11-94972E67CAB0}.Release|Any CPU.Build.0 = Release|Any CPU
	EndGlobalSection
	GlobalSection(SolutionProperties) = preSolution
		HideSolutionNode = FALSE
	EndGlobalSection
	GlobalSection(ExtensibilityGlobals) = postSolution
		SolutionGuid = {E22D0346-0A2A-498E-9611-F6286C64ED2B}
	EndGlobalSection
EndGlobal
